
Microsoft Visual Studio Solution File, Format Version 12.00
Project("{FAE04EC0-301F-11D3-BF4B-00C04F79EFBC}") = "Api", "Api\Api.csproj", "{17C4B480-501F-4289-B110-7EC33F83D498}"
EndProject
Project("{2150E333-8FDC-42A3-9474-1A3956D46DE8}") = "src", "src", "{F667E060-0A23-4C9C-8CC0-A1681D071E5A}"
EndProject
Project("{FAE04EC0-301F-11D3-BF4B-00C04F79EFBC}") = "Application", "Application\Application.csproj", "{CA20B948-86AA-47DA-9AB2-5D2F2465012D}"
EndProject
Project("{FAE04EC0-301F-11D3-BF4B-00C04F79EFBC}") = "Core", "Core\Core.csproj", "{117C08D8-A081-4F2D-A768-A656A89B8958}"
EndProject
Project("{FAE04EC0-301F-11D3-BF4B-00C04F79EFBC}") = "Persistence", "Persistence\Persistence.csproj", "{EB44C838-24DD-4987-888A-5895B1BFE933}"
EndProject
Global
	GlobalSection(SolutionConfigurationPlatforms) = preSolution
		Debug|Any CPU = Debug|Any CPU
		Release|Any CPU = Release|Any CPU
	EndGlobalSection
	GlobalSection(ProjectConfigurationPlatforms) = postSolution
		{17C4B480-501F-4289-B110-7EC33F83D498}.Debug|Any CPU.ActiveCfg = Debug|Any CPU
		{17C4B480-501F-4289-B110-7EC33F83D498}.Debug|Any CPU.Build.0 = Debug|Any CPU
		{17C4B480-501F-4289-B110-7EC33F83D498}.Release|Any CPU.ActiveCfg = Release|Any CPU
		{17C4B480-501F-4289-B110-7EC33F83D498}.Release|Any CPU.Build.0 = Release|Any CPU
		{CA20B948-86AA-47DA-9AB2-5D2F2465012D}.Debug|Any CPU.ActiveCfg = Debug|Any CPU
		{CA20B948-86AA-47DA-9AB2-5D2F2465012D}.Debug|Any CPU.Build.0 = Debug|Any CPU
		{CA20B948-86AA-47DA-9AB2-5D2F2465012D}.Release|Any CPU.ActiveCfg = Release|Any CPU
		{CA20B948-86AA-47DA-9AB2-5D2F2465012D}.Release|Any CPU.Build.0 = Release|Any CPU
		{117C08D8-A081-4F2D-A768-A656A89B8958}.Debug|Any CPU.ActiveCfg = Debug|Any CPU
		{117C08D8-A081-4F2D-A768-A656A89B8958}.Debug|Any CPU.Build.0 = Debug|Any CPU
		{117C08D8-A081-4F2D-A768-A656A89B8958}.Release|Any CPU.ActiveCfg = Release|Any CPU
		{117C08D8-A081-4F2D-A768-A656A89B8958}.Release|Any CPU.Build.0 = Release|Any CPU
		{EB44C838-24DD-4987-888A-5895B1BFE933}.Debug|Any CPU.ActiveCfg = Debug|Any CPU
		{EB44C838-24DD-4987-888A-5895B1BFE933}.Debug|Any CPU.Build.0 = Debug|Any CPU
		{EB44C838-24DD-4987-888A-5895B1BFE933}.Release|Any CPU.ActiveCfg = Release|Any CPU
		{EB44C838-24DD-4987-888A-5895B1BFE933}.Release|Any CPU.Build.0 = Release|Any CPU
	EndGlobalSection
	GlobalSection(NestedProjects) = preSolution
		{17C4B480-501F-4289-B110-7EC33F83D498} = {F667E060-0A23-4C9C-8CC0-A1681D071E5A}
		{CA20B948-86AA-47DA-9AB2-5D2F2465012D} = {F667E060-0A23-4C9C-8CC0-A1681D071E5A}
		{117C08D8-A081-4F2D-A768-A656A89B8958} = {F667E060-0A23-4C9C-8CC0-A1681D071E5A}
		{EB44C838-24DD-4987-888A-5895B1BFE933} = {F667E060-0A23-4C9C-8CC0-A1681D071E5A}
	EndGlobalSection
EndGlobal
